
Microsoft Visual Studio Solution File, Format Version 12.00
# Visual Studio Version 17
VisualStudioVersion = 17.3.32929.385
MinimumVisualStudioVersion = 10.0.40219.1
Project("{FAE04EC0-301F-11D3-BF4B-00C04F79EFBC}") = "CircularQueues_050", "CircularQueues_050\CircularQueues_050.csproj", "{B8C221BA-C523-41E1-AC57-02A84FC92160}"
EndProject
Global
	GlobalSection(SolutionConfigurationPlatforms) = preSolution
		Debug|Any CPU = Debug|Any CPU
		Release|Any CPU = Release|Any CPU
	EndGlobalSection
	GlobalSection(ProjectConfigurationPlatforms) = postSolution
		{B8C221BA-C523-41E1-AC57-02A84FC92160}.Debug|Any CPU.ActiveCfg = Debug|Any CPU
		{B8C221BA-C523-41E1-AC57-02A84FC92160}.Debug|Any CPU.Build.0 = Debug|Any CPU
		{B8C221BA-C523-41E1-AC57-02A84FC92160}.Release|Any CPU.ActiveCfg = Release|Any CPU
		{B8C221BA-C523-41E1-AC57-02A84FC92160}.Release|Any CPU.Build.0 = Release|Any CPU
	EndGlobalSection
	GlobalSection(SolutionProperties) = preSolution
		HideSolutionNode = FALSE
	EndGlobalSection
	GlobalSection(ExtensibilityGlobals) = postSolution
		SolutionGuid = {D1B887D5-F763-44DF-B972-914FF1949358}
	EndGlobalSection
EndGlobal
